// !$*UTF8*$!
{
	archiveVersion = 1;
	classes = {
	};
	objectVersion = 50;
	objects = {

/* Begin PBXBuildFile section */
		5AFBB45021DDDF8B00CC6B23 /* AppDelegate.m in Sources */ = {isa = PBXBuildFile; fileRef = 5AFBB44F21DDDF8B00CC6B23 /* AppDelegate.m */; };
		5AFBB45321DDDF8B00CC6B23 /* ViewController.m in Sources */ = {isa = PBXBuildFile; fileRef = 5AFBB45221DDDF8B00CC6B23 /* ViewController.m */; };
		5AFBB45621DDDF8B00CC6B23 /* Main.storyboard in Resources */ = {isa = PBXBuildFile; fileRef = 5AFBB45421DDDF8B00CC6B23 /* Main.storyboard */; };
		5AFBB45821DDDF8D00CC6B23 /* Assets.xcassets in Resources */ = {isa = PBXBuildFile; fileRef = 5AFBB45721DDDF8D00CC6B23 /* Assets.xcassets */; };
		5AFBB45B21DDDF8D00CC6B23 /* LaunchScreen.storyboard in Resources */ = {isa = PBXBuildFile; fileRef = 5AFBB45921DDDF8D00CC6B23 /* LaunchScreen.storyboard */; };
		5AFBB45E21DDDF8D00CC6B23 /* main.m in Sources */ = {isa = PBXBuildFile; fileRef = 5AFBB45D21DDDF8D00CC6B23 /* main.m */; };
		5AFBB46821DDDF8D00CC6B23 /* Test11111111111Tests.m in Sources */ = {isa = PBXBuildFile; fileRef = 5AFBB46721DDDF8D00CC6B23 /* Test11111111111Tests.m */; };
		5AFBB47321DDDF8D00CC6B23 /* Test11111111111UITests.m in Sources */ = {isa = PBXBuildFile; fileRef = 5AFBB47221DDDF8D00CC6B23 /* Test11111111111UITests.m */; };
/* End PBXBuildFile section */

/* Begin PBXContainerItemProxy section */
		5AFBB46421DDDF8D00CC6B23 /* PBXContainerItemProxy */ = {
			isa = PBXContainerItemProxy;
			containerPortal = 5AFBB44321DDDF8B00CC6B23 /* Project object */;
			proxyType = 1;
			remoteGlobalIDString = 5AFBB44A21DDDF8B00CC6B23;
			remoteInfo = Test11111111111;
		};
		5AFBB46F21DDDF8D00CC6B23 /* PBXContainerItemProxy */ = {
			isa = PBXContainerItemProxy;
			containerPortal = 5AFBB44321DDDF8B00CC6B23 /* Project object */;
			proxyType = 1;
			remoteGlobalIDString = 5AFBB44A21DDDF8B00CC6B23;
			remoteInfo = Test11111111111;
		};
/* End PBXContainerItemProxy section */

/* Begin PBXFileReference section */
		5AFBB44B21DDDF8B00CC6B23 /* Test11111111111.app */ = {isa = PBXFileReference; explicitFileType = wrapper.application; includeInIndex = 0; path = Test11111111111.app; sourceTree = BUILT_PRODUCTS_DIR; };
		5AFBB44E21DDDF8B00CC6B23 /* AppDelegate.h */ = {isa = PBXFileReference; lastKnownFileType = sourcecode.c.h; path = AppDelegate.h; sourceTree = "<group>"; };
		5AFBB44F21DDDF8B00CC6B23 /* AppDelegate.m */ = {isa = PBXFileReference; lastKnownFileType = sourcecode.c.objc; path = AppDelegate.m; sourceTree = "<group>"; };
		5AFBB45121DDDF8B00CC6B23 /* ViewController.h */ = {isa = PBXFileReference; lastKnownFileType = sourcecode.c.h; path = ViewController.h; sourceTree = "<group>"; };
		5AFBB45221DDDF8B00CC6B23 /* ViewController.m */ = {isa = PBXFileReference; lastKnownFileType = sourcecode.c.objc; path = ViewController.m; sourceTree = "<group>"; };
		5AFBB45521DDDF8B00CC6B23 /* Base */ = {isa = PBXFileReference; lastKnownFileType = file.storyboard; name = Base; path = Base.lproj/Main.storyboard; sourceTree = "<group>"; };
		5AFBB45721DDDF8D00CC6B23 /* Assets.xcassets */ = {isa = PBXFileReference; lastKnownFileType = folder.assetcatalog; path = Assets.xcassets; sourceTree = "<group>"; };
		5AFBB45A21DDDF8D00CC6B23 /* Base */ = {isa = PBXFileReference; lastKnownFileType = file.storyboard; name = Base; path = Base.lproj/LaunchScreen.storyboard; sourceTree = "<group>"; };
		5AFBB45C21DDDF8D00CC6B23 /* Info.plist */ = {isa = PBXFileReference; lastKnownFileType = text.plist.xml; path = Info.plist; sourceTree = "<group>"; };
		5AFBB45D21DDDF8D00CC6B23 /* main.m */ = {isa = PBXFileReference; lastKnownFileType = sourcecode.c.objc; path = main.m; sourceTree = "<group>"; };
		5AFBB46321DDDF8D00CC6B23 /* Test11111111111Tests.xctest */ = {isa = PBXFileReference; explicitFileType = wrapper.cfbundle; includeInIndex = 0; path = Test11111111111Tests.xctest; sourceTree = BUILT_PRODUCTS_DIR; };
		5AFBB46721DDDF8D00CC6B23 /* Test11111111111Tests.m */ = {isa = PBXFileReference; lastKnownFileType = sourcecode.c.objc; path = Test11111111111Tests.m; sourceTree = "<group>"; };
		5AFBB46921DDDF8D00CC6B23 /* Info.plist */ = {isa = PBXFileReference; lastKnownFileType = text.plist.xml; path = Info.plist; sourceTree = "<group>"; };
		5AFBB46E21DDDF8D00CC6B23 /* Test11111111111UITests.xctest */ = {isa = PBXFileReference; explicitFileType = wrapper.cfbundle; includeInIndex = 0; path = Test11111111111UITests.xctest; sourceTree = BUILT_PRODUCTS_DIR; };
		5AFBB47221DDDF8D00CC6B23 /* Test11111111111UITests.m */ = {isa = PBXFileReference; lastKnownFileType = sourcecode.c.objc; path = Test11111111111UITests.m; sourceTree = "<group>"; };
		5AFBB47421DDDF8D00CC6B23 /* Info.plist */ = {isa = PBXFileReference; lastKnownFileType = text.plist.xml; path = Info.plist; sourceTree = "<group>"; };
/* End PBXFileReference section */

/* Begin PBXFrameworksBuildPhase section */
		5AFBB44821DDDF8B00CC6B23 /* Frameworks */ = {
			isa = PBXFrameworksBuildPhase;
			buildActionMask = 2147483647;
			files = (
			);
			runOnlyForDeploymentPostprocessing = 0;
		};
		5AFBB46021DDDF8D00CC6B23 /* Frameworks */ = {
			isa = PBXFrameworksBuildPhase;
			buildActionMask = 2147483647;
			files = (
			);
			runOnlyForDeploymentPostprocessing = 0;
		};
		5AFBB46B21DDDF8D00CC6B23 /* Frameworks */ = {
			isa = PBXFrameworksBuildPhase;
			buildActionMask = 2147483647;
			files = (
			);
			runOnlyForDeploymentPostprocessing = 0;
		};
/* End PBXFrameworksBuildPhase section */

/* Begin PBXGroup section */
		5AFBB44221DDDF8B00CC6B23 = {
			isa = PBXGroup;
			children = (
				5AFBB44D21DDDF8B00CC6B23 /* Test11111111111 */,
				5AFBB46621DDDF8D00CC6B23 /* Test11111111111Tests */,
				5AFBB47121DDDF8D00CC6B23 /* Test11111111111UITests */,
				5AFBB44C21DDDF8B00CC6B23 /* Products */,
			);
			sourceTree = "<group>";
		};
		5AFBB44C21DDDF8B00CC6B23 /* Products */ = {
			isa = PBXGroup;
			children = (
				5AFBB44B21DDDF8B00CC6B23 /* Test11111111111.app */,
				5AFBB46321DDDF8D00CC6B23 /* Test11111111111Tests.xctest */,
				5AFBB46E21DDDF8D00CC6B23 /* Test11111111111UITests.xctest */,
			);
			name = Products;
			sourceTree = "<group>";
		};
		5AFBB44D21DDDF8B00CC6B23 /* Test11111111111 */ = {
			isa = PBXGroup;
			children = (
				5AFBB44E21DDDF8B00CC6B23 /* AppDelegate.h */,
				5AFBB44F21DDDF8B00CC6B23 /* AppDelegate.m */,
				5AFBB45121DDDF8B00CC6B23 /* ViewController.h */,
				5AFBB45221DDDF8B00CC6B23 /* ViewController.m */,
				5AFBB45421DDDF8B00CC6B23 /* Main.storyboard */,
				5AFBB45721DDDF8D00CC6B23 /* Assets.xcassets */,
				5AFBB45921DDDF8D00CC6B23 /* LaunchScreen.storyboard */,
				5AFBB45C21DDDF8D00CC6B23 /* Info.plist */,
				5AFBB45D21DDDF8D00CC6B23 /* main.m */,
			);
			path = Test11111111111;
			sourceTree = "<group>";
		};
		5AFBB46621DDDF8D00CC6B23 /* Test11111111111Tests */ = {
			isa = PBXGroup;
			children = (
				5AFBB46721DDDF8D00CC6B23 /* Test11111111111Tests.m */,
				5AFBB46921DDDF8D00CC6B23 /* Info.plist */,
			);
			path = Test11111111111Tests;
			sourceTree = "<group>";
		};
		5AFBB47121DDDF8D00CC6B23 /* Test11111111111UITests */ = {
			isa = PBXGroup;
			children = (
				5AFBB47221DDDF8D00CC6B23 /* Test11111111111UITests.m */,
				5AFBB47421DDDF8D00CC6B23 /* Info.plist */,
			);
			path = Test11111111111UITests;
			sourceTree = "<group>";
		};
/* End PBXGroup section */

/* Begin PBXNativeTarget section */
		5AFBB44A21DDDF8B00CC6B23 /* Test11111111111 */ = {
			isa = PBXNativeTarget;
			buildConfigurationList = 5AFBB47721DDDF8D00CC6B23 /* Build configuration list for PBXNativeTarget "Test11111111111" */;
			buildPhases = (
				5AFBB44721DDDF8B00CC6B23 /* Sources */,
				5AFBB44821DDDF8B00CC6B23 /* Frameworks */,
				5AFBB44921DDDF8B00CC6B23 /* Resources */,
			);
			buildRules = (
			);
			dependencies = (
			);
			name = Test11111111111;
			productName = Test11111111111;
			productReference = 5AFBB44B21DDDF8B00CC6B23 /* Test11111111111.app */;
			productType = "com.apple.product-type.application";
		};
		5AFBB46221DDDF8D00CC6B23 /* Test11111111111Tests */ = {
			isa = PBXNativeTarget;
			buildConfigurationList = 5AFBB47A21DDDF8D00CC6B23 /* Build configuration list for PBXNativeTarget "Test11111111111Tests" */;
			buildPhases = (
				5AFBB45F21DDDF8D00CC6B23 /* Sources */,
				5AFBB46021DDDF8D00CC6B23 /* Frameworks */,
				5AFBB46121DDDF8D00CC6B23 /* Resources */,
			);
			buildRules = (
			);
			dependencies = (
				5AFBB46521DDDF8D00CC6B23 /* PBXTargetDependency */,
			);
			name = Test11111111111Tests;
			productName = Test11111111111Tests;
			productReference = 5AFBB46321DDDF8D00CC6B23 /* Test11111111111Tests.xctest */;
			productType = "com.apple.product-type.bundle.unit-test";
		};
		5AFBB46D21DDDF8D00CC6B23 /* Test11111111111UITests */ = {
			isa = PBXNativeTarget;
			buildConfigurationList = 5AFBB47D21DDDF8D00CC6B23 /* Build configuration list for PBXNativeTarget "Test11111111111UITests" */;
			buildPhases = (
				5AFBB46A21DDDF8D00CC6B23 /* Sources */,
				5AFBB46B21DDDF8D00CC6B23 /* Frameworks */,
				5AFBB46C21DDDF8D00CC6B23 /* Resources */,
			);
			buildRules = (
			);
			dependencies = (
				5AFBB47021DDDF8D00CC6B23 /* PBXTargetDependency */,
			);
			name = Test11111111111UITests;
			productName = Test11111111111UITests;
			productReference = 5AFBB46E21DDDF8D00CC6B23 /* Test11111111111UITests.xctest */;
			productType = "com.apple.product-type.bundle.ui-testing";
		};
/* End PBXNativeTarget section */

/* Begin PBXProject section */
		5AFBB44321DDDF8B00CC6B23 /* Project object */ = {
			isa = PBXProject;
			attributes = {
				LastUpgradeCheck = 1010;
				ORGANIZATIONNAME = mg;
				TargetAttributes = {
					5AFBB44A21DDDF8B00CC6B23 = {
						CreatedOnToolsVersion = 10.1;
					};
					5AFBB46221DDDF8D00CC6B23 = {
						CreatedOnToolsVersion = 10.1;
						TestTargetID = 5AFBB44A21DDDF8B00CC6B23;
					};
					5AFBB46D21DDDF8D00CC6B23 = {
						CreatedOnToolsVersion = 10.1;
						TestTargetID = 5AFBB44A21DDDF8B00CC6B23;
					};
				};
			};
			buildConfigurationList = 5AFBB44621DDDF8B00CC6B23 /* Build configuration list for PBXProject "Test11111111111" */;
			compatibilityVersion = "Xcode 9.3";
			developmentRegion = en;
			hasScannedForEncodings = 0;
			knownRegions = (
				en,
				Base,
			);
			mainGroup = 5AFBB44221DDDF8B00CC6B23;
			productRefGroup = 5AFBB44C21DDDF8B00CC6B23 /* Products */;
			projectDirPath = "";
			projectRoot = "";
			targets = (
				5AFBB44A21DDDF8B00CC6B23 /* Test11111111111 */,
				5AFBB46221DDDF8D00CC6B23 /* Test11111111111Tests */,
				5AFBB46D21DDDF8D00CC6B23 /* Test11111111111UITests */,
			);
		};
/* End PBXProject section */

/* Begin PBXResourcesBuildPhase section */
		5AFBB44921DDDF8B00CC6B23 /* Resources */ = {
			isa = PBXResourcesBuildPhase;
			buildActionMask = 2147483647;
			files = (
				5AFBB45B21DDDF8D00CC6B23 /* LaunchScreen.storyboard in Resources */,
				5AFBB45821DDDF8D00CC6B23 /* Assets.xcassets in Resources */,
				5AFBB45621DDDF8B00CC6B23 /* Main.storyboard in Resources */,
			);
			runOnlyForDeploymentPostprocessing = 0;
		};
		5AFBB46121DDDF8D00CC6B23 /* Resources */ = {
			isa = PBXResourcesBuildPhase;
			buildActionMask = 2147483647;
			files = (
			);
			runOnlyForDeploymentPostprocessing = 0;
		};
		5AFBB46C21DDDF8D00CC6B23 /* Resources */ = {
			isa = PBXResourcesBuildPhase;
			buildActionMask = 2147483647;
			files = (
			);
			runOnlyForDeploymentPostprocessing = 0;
		};
/* End PBXResourcesBuildPhase section */

/* Begin PBXSourcesBuildPhase section */
		5AFBB44721DDDF8B00CC6B23 /* Sources */ = {
			isa = PBXSourcesBuildPhase;
			buildActionMask = 2147483647;
			files = (
				5AFBB45321DDDF8B00CC6B23 /* ViewController.m in Sources */,
				5AFBB45E21DDDF8D00CC6B23 /* main.m in Sources */,
				5AFBB45021DDDF8B00CC6B23 /* AppDelegate.m in Sources */,
			);
			runOnlyForDeploymentPostprocessing = 0;
		};
		5AFBB45F21DDDF8D00CC6B23 /* Sources */ = {
			isa = PBXSourcesBuildPhase;
			buildActionMask = 2147483647;
			files = (
				5AFBB46821DDDF8D00CC6B23 /* Test11111111111Tests.m in Sources */,
			);
			runOnlyForDeploymentPostprocessing = 0;
		};
		5AFBB46A21DDDF8D00CC6B23 /* Sources */ = {
			isa = PBXSourcesBuildPhase;
			buildActionMask = 2147483647;
			files = (
				5AFBB47321DDDF8D00CC6B23 /* Test11111111111UITests.m in Sources */,
			);
			runOnlyForDeploymentPostprocessing = 0;
		};
/* End PBXSourcesBuildPhase section */

/* Begin PBXTargetDependency section */
		5AFBB46521DDDF8D00CC6B23 /* PBXTargetDependency */ = {
			isa = PBXTargetDependency;
			target = 5AFBB44A21DDDF8B00CC6B23 /* Test11111111111 */;
			targetProxy = 5AFBB46421DDDF8D00CC6B23 /* PBXContainerItemProxy */;
		};
		5AFBB47021DDDF8D00CC6B23 /* PBXTargetDependency */ = {
			isa = PBXTargetDependency;
			target = 5AFBB44A21DDDF8B00CC6B23 /* Test11111111111 */;
			targetProxy = 5AFBB46F21DDDF8D00CC6B23 /* PBXContainerItemProxy */;
		};
/* End PBXTargetDependency section */

/* Begin PBXVariantGroup section */
		5AFBB45421DDDF8B00CC6B23 /* Main.storyboard */ = {
			isa = PBXVariantGroup;
			children = (
				5AFBB45521DDDF8B00CC6B23 /* Base */,
			);
			name = Main.storyboard;
			sourceTree = "<group>";
		};
		5AFBB45921DDDF8D00CC6B23 /* LaunchScreen.storyboard */ = {
			isa = PBXVariantGroup;
			children = (
				5AFBB45A21DDDF8D00CC6B23 /* Base */,
			);
			name = LaunchScreen.storyboard;
			sourceTree = "<group>";
		};
/* End PBXVariantGroup section */

/* Begin XCBuildConfiguration section */
		5AFBB47521DDDF8D00CC6B23 /* Debug */ = {
			isa = XCBuildConfiguration;
			buildSettings = {
				ALWAYS_SEARCH_USER_PATHS = NO;
				CLANG_ANALYZER_NONNULL = YES;
				CLANG_ANALYZER_NUMBER_OBJECT_CONVERSION = YES_AGGRESSIVE;
				CLANG_CXX_LANGUAGE_STANDARD = "gnu++14";
				CLANG_CXX_LIBRARY = "libc++";
				CLANG_ENABLE_MODULES = YES;
				CLANG_ENABLE_OBJC_ARC = YES;
				CLANG_ENABLE_OBJC_WEAK = YES;
				CLANG_WARN_BLOCK_CAPTURE_AUTORELEASING = YES;
				CLANG_WARN_BOOL_CONVERSION = YES;
				CLANG_WARN_COMMA = YES;
				CLANG_WARN_CONSTANT_CONVERSION = YES;
				CLANG_WARN_DEPRECATED_OBJC_IMPLEMENTATIONS = YES;
				CLANG_WARN_DIRECT_OBJC_ISA_USAGE = YES_ERROR;
				CLANG_WARN_DOCUMENTATION_COMMENTS = YES;
				CLANG_WARN_EMPTY_BODY = YES;
				CLANG_WARN_ENUM_CONVERSION = YES;
				CLANG_WARN_INFINITE_RECURSION = YES;
				CLANG_WARN_INT_CONVERSION = YES;
				CLANG_WARN_NON_LITERAL_NULL_CONVERSION = YES;
				CLANG_WARN_OBJC_IMPLICIT_RETAIN_SELF = YES;
				CLANG_WARN_OBJC_LITERAL_CONVERSION = YES;
				CLANG_WARN_OBJC_ROOT_CLASS = YES_ERROR;
				CLANG_WARN_RANGE_LOOP_ANALYSIS = YES;
				CLANG_WARN_STRICT_PROTOTYPES = YES;
				CLANG_WARN_SUSPICIOUS_MOVE = YES;
				CLANG_WARN_UNGUARDED_AVAILABILITY = YES_AGGRESSIVE;
				CLANG_WARN_UNREACHABLE_CODE = YES;
				CLANG_WARN__DUPLICATE_METHOD_MATCH = YES;
				CODE_SIGN_IDENTITY = "iPhone Developer";
				COPY_PHASE_STRIP = NO;
				DEBUG_INFORMATION_FORMAT = dwarf;
				ENABLE_STRICT_OBJC_MSGSEND = YES;
				ENABLE_TESTABILITY = YES;
				GCC_C_LANGUAGE_STANDARD = gnu11;
				GCC_DYNAMIC_NO_PIC = NO;
				GCC_NO_COMMON_BLOCKS = YES;
				GCC_OPTIMIZATION_LEVEL = 0;
				GCC_PREPROCESSOR_DEFINITIONS = (
					"DEBUG=1",
					"$(inherited)",
				);
				GCC_WARN_64_TO_32_BIT_CONVERSION = YES;
				GCC_WARN_ABOUT_RETURN_TYPE = YES_ERROR;
				GCC_WARN_UNDECLARED_SELECTOR = YES;
				GCC_WARN_UNINITIALIZED_AUTOS = YES_AGGRESSIVE;
				GCC_WARN_UNUSED_FUNCTION = YES;
				GCC_WARN_UNUSED_VARIABLE = YES;
				IPHONEOS_DEPLOYMENT_TARGET = 12.1;
				MTL_ENABLE_DEBUG_INFO = INCLUDE_SOURCE;
				MTL_FAST_MATH = YES;
				ONLY_ACTIVE_ARCH = YES;
				SDKROOT = iphoneos;
			};
			name = Debug;
		};
		5AFBB47621DDDF8D00CC6B23 /* Release */ = {
			isa = XCBuildConfiguration;
			buildSettings = {
				ALWAYS_SEARCH_USER_PATHS = NO;
				CLANG_ANALYZER_NONNULL = YES;
				CLANG_ANALYZER_NUMBER_OBJECT_CONVERSION = YES_AGGRESSIVE;
				CLANG_CXX_LANGUAGE_STANDARD = "gnu++14";
				CLANG_CXX_LIBRARY = "libc++";
				CLANG_ENABLE_MODULES = YES;
				CLANG_ENABLE_OBJC_ARC = YES;
				CLANG_ENABLE_OBJC_WEAK = YES;
				CLANG_WARN_BLOCK_CAPTURE_AUTORELEASING = YES;
				CLANG_WARN_BOOL_CONVERSION = YES;
				CLANG_WARN_COMMA = YES;
				CLANG_WARN_CONSTANT_CONVERSION = YES;
				CLANG_WARN_DEPRECATED_OBJC_IMPLEMENTATIONS = YES;
				CLANG_WARN_DIRECT_OBJC_ISA_USAGE = YES_ERROR;
				CLANG_WARN_DOCUMENTATION_COMMENTS = YES;
				CLANG_WARN_EMPTY_BODY = YES;
				CLANG_WARN_ENUM_CONVERSION = YES;
				CLANG_WARN_INFINITE_RECURSION = YES;
				CLANG_WARN_INT_CONVERSION = YES;
				CLANG_WARN_NON_LITERAL_NULL_CONVERSION = YES;
				CLANG_WARN_OBJC_IMPLICIT_RETAIN_SELF = YES;
				CLANG_WARN_OBJC_LITERAL_CONVERSION = YES;
				CLANG_WARN_OBJC_ROOT_CLASS = YES_ERROR;
				CLANG_WARN_RANGE_LOOP_ANALYSIS = YES;
				CLANG_WARN_STRICT_PROTOTYPES = YES;
				CLANG_WARN_SUSPICIOUS_MOVE = YES;
				CLANG_WARN_UNGUARDED_AVAILABILITY = YES_AGGRESSIVE;
				CLANG_WARN_UNREACHABLE_CODE = YES;
				CLANG_WARN__DUPLICATE_METHOD_MATCH = YES;
				CODE_SIGN_IDENTITY = "iPhone Developer";
				COPY_PHASE_STRIP = NO;
				DEBUG_INFORMATION_FORMAT = "dwarf-with-dsym";
				ENABLE_NS_ASSERTIONS = NO;
				ENABLE_STRICT_OBJC_MSGSEND = YES;
				GCC_C_LANGUAGE_STANDARD = gnu11;
				GCC_NO_COMMON_BLOCKS = YES;
				GCC_WARN_64_TO_32_BIT_CONVERSION = YES;
				GCC_WARN_ABOUT_RETURN_TYPE = YES_ERROR;
				GCC_WARN_UNDECLARED_SELECTOR = YES;
				GCC_WARN_UNINITIALIZED_AUTOS = YES_AGGRESSIVE;
				GCC_WARN_UNUSED_FUNCTION = YES;
				GCC_WARN_UNUSED_VARIABLE = YES;
				IPHONEOS_DEPLOYMENT_TARGET = 12.1;
				MTL_ENABLE_DEBUG_INFO = NO;
				MTL_FAST_MATH = YES;
				SDKROOT = iphoneos;
				VALIDATE_PRODUCT = YES;
			};
			name = Release;
		};
		5AFBB47821DDDF8D00CC6B23 /* Debug */ = {
			isa = XCBuildConfiguration;
			buildSettings = {
				ASSETCATALOG_COMPILER_APPICON_NAME = AppIcon;
				CODE_SIGN_STYLE = Automatic;
				INFOPLIST_FILE = Test11111111111/Info.plist;
				LD_RUNPATH_SEARCH_PATHS = (
					"$(inherited)",
					"@executable_path/Frameworks",
				);
				PRODUCT_BUNDLE_IDENTIFIER = mg.Test11111111111;
				PRODUCT_NAME = "$(TARGET_NAME)";
				TARGETED_DEVICE_FAMILY = "1,2";
			};
			name = Debug;
		};
		5AFBB47921DDDF8D00CC6B23 /* Release */ = {
			isa = XCBuildConfiguration;
			buildSettings = {
				ASSETCATALOG_COMPILER_APPICON_NAME = AppIcon;
				CODE_SIGN_STYLE = Automatic;
				INFOPLIST_FILE = Test11111111111/Info.plist;
				LD_RUNPATH_SEARCH_PATHS = (
					"$(inherited)",
					"@executable_path/Frameworks",
				);
				PRODUCT_BUNDLE_IDENTIFIER = mg.Test11111111111;
				PRODUCT_NAME = "$(TARGET_NAME)";
				TARGETED_DEVICE_FAMILY = "1,2";
			};
			name = Release;
		};
		5AFBB47B21DDDF8D00CC6B23 /* Debug */ = {
			isa = XCBuildConfiguration;
			buildSettings = {
				BUNDLE_LOADER = "$(TEST_HOST)";
				CODE_SIGN_STYLE = Automatic;
				INFOPLIST_FILE = Test11111111111Tests/Info.plist;
				LD_RUNPATH_SEARCH_PATHS = (
					"$(inherited)",
					"@executable_path/Frameworks",
					"@loader_path/Frameworks",
				);
				PRODUCT_BUNDLE_IDENTIFIER = mg.Test11111111111Tests;
				PRODUCT_NAME = "$(TARGET_NAME)";
				TARGETED_DEVICE_FAMILY = "1,2";
				TEST_HOST = "$(BUILT_PRODUCTS_DIR)/Test11111111111.app/Test11111111111";
			};
			name = Debug;
		};
		5AFBB47C21DDDF8D00CC6B23 /* Release */ = {
			isa = XCBuildConfiguration;
			buildSettings = {
				BUNDLE_LOADER = "$(TEST_HOST)";
				CODE_SIGN_STYLE = Automatic;
				INFOPLIST_FILE = Test11111111111Tests/Info.plist;
				LD_RUNPATH_SEARCH_PATHS = (
					"$(inherited)",
					"@executable_path/Frameworks",
					"@loader_path/Frameworks",
				);
				PRODUCT_BUNDLE_IDENTIFIER = mg.Test11111111111Tests;
				PRODUCT_NAME = "$(TARGET_NAME)";
				TARGETED_DEVICE_FAMILY = "1,2";
				TEST_HOST = "$(BUILT_PRODUCTS_DIR)/Test11111111111.app/Test11111111111";
			};
			name = Release;
		};
		5AFBB47E21DDDF8D00CC6B23 /* Debug */ = {
			isa = XCBuildConfiguration;
			buildSettings = {
				CODE_SIGN_STYLE = Automatic;
				INFOPLIST_FILE = Test11111111111UITests/Info.plist;
				LD_RUNPATH_SEARCH_PATHS = (
					"$(inherited)",
					"@executable_path/Frameworks",
					"@loader_path/Frameworks",
				);
				PRODUCT_BUNDLE_IDENTIFIER = mg.Test11111111111UITests;
				PRODUCT_NAME = "$(TARGET_NAME)";
				TARGETED_DEVICE_FAMILY = "1,2";
				TEST_TARGET_NAME = Test11111111111;
			};
			name = Debug;
		};
		5AFBB47F21DDDF8D00CC6B23 /* Release */ = {
			isa = XCBuildConfiguration;
			buildSettings = {
				CODE_SIGN_STYLE = Automatic;
				INFOPLIST_FILE = Test11111111111UITests/Info.plist;
				LD_RUNPATH_SEARCH_PATHS = (
					"$(inherited)",
					"@executable_path/Frameworks",
					"@loader_path/Frameworks",
				);
				PRODUCT_BUNDLE_IDENTIFIER = mg.Test11111111111UITests;
				PRODUCT_NAME = "$(TARGET_NAME)";
				TARGETED_DEVICE_FAMILY = "1,2";
				TEST_TARGET_NAME = Test11111111111;
			};
			name = Release;
		};
/* End XCBuildConfiguration section */

/* Begin XCConfigurationList section */
		5AFBB44621DDDF8B00CC6B23 /* Build configuration list for PBXProject "Test11111111111" */ = {
			isa = XCConfigurationList;
			buildConfigurations = (
				5AFBB47521DDDF8D00CC6B23 /* Debug */,
				5AFBB47621DDDF8D00CC6B23 /* Release */,
			);
			defaultConfigurationIsVisible = 0;
			defaultConfigurationName = Release;
		};
		5AFBB47721DDDF8D00CC6B23 /* Build configuration list for PBXNativeTarget "Test11111111111" */ = {
			isa = XCConfigurationList;
			buildConfigurations = (
				5AFBB47821DDDF8D00CC6B23 /* Debug */,
				5AFBB47921DDDF8D00CC6B23 /* Release */,
			);
			defaultConfigurationIsVisible = 0;
			defaultConfigurationName = Release;
		};
		5AFBB47A21DDDF8D00CC6B23 /* Build configuration list for PBXNativeTarget "Test11111111111Tests" */ = {
			isa = XCConfigurationList;
			buildConfigurations = (
				5AFBB47B21DDDF8D00CC6B23 /* Debug */,
				5AFBB47C21DDDF8D00CC6B23 /* Release */,
			);
			defaultConfigurationIsVisible = 0;
			defaultConfigurationName = Release;
		};
		5AFBB47D21DDDF8D00CC6B23 /* Build configuration list for PBXNativeTarget "Test11111111111UITests" */ = {
			isa = XCConfigurationList;
			buildConfigurations = (
				5AFBB47E21DDDF8D00CC6B23 /* Debug */,
				5AFBB47F21DDDF8D00CC6B23 /* Release */,
			);
			defaultConfigurationIsVisible = 0;
			defaultConfigurationName = Release;
		};
/* End XCConfigurationList section */
	};
	rootObject = 5AFBB44321DDDF8B00CC6B23 /* Project object */;
}
